
Microsoft Visual Studio Solution File, Format Version 12.00
# Visual Studio 14
VisualStudioVersion = 14.0.25123.0
MinimumVisualStudioVersion = 10.0.40219.1
Project("{FAE04EC0-301F-11D3-BF4B-00C04F79EFBC}") = "CustomersApp", "CustomersApp\CustomersApp.csproj", "{E9684E6D-DE47-479D-8297-29F793C33371}"
EndProject
Project("{FAE04EC0-301F-11D3-BF4B-00C04F79EFBC}") = "GenericApp", "GenericApp\GenericApp.csproj", "{55562973-96B0-44F1-98A4-74E4AFE9BEB3}"
EndProject
Project("{FAE04EC0-301F-11D3-BF4B-00C04F79EFBC}") = "CustomerTest", "CustomerTest\CustomerTest.csproj", "{C0D03EC2-1341-48D2-87B1-E565EA6E88F5}"
EndProject
Project("{FAE04EC0-301F-11D3-BF4B-00C04F79EFBC}") = "AnotherCustomerComparerTest", "AnotherCustomerComparerTest\AnotherCustomerComparerTest.csproj", "{F7A94FC6-4891-4B6F-92CF-8CEF4926DFA9}"
EndProject
Project("{FAE04EC0-301F-11D3-BF4B-00C04F79EFBC}") = "MultiDictionaryTest", "MultiDictionary\MultiDictionaryTest.csproj", "{EF26ED65-068E-45DF-ACF3-DB7A8BA1D1F1}"
EndProject
Global
	GlobalSection(SolutionConfigurationPlatforms) = preSolution
		Debug|Any CPU = Debug|Any CPU
		Release|Any CPU = Release|Any CPU
	EndGlobalSection
	GlobalSection(ProjectConfigurationPlatforms) = postSolution
		{E9684E6D-DE47-479D-8297-29F793C33371}.Debug|Any CPU.ActiveCfg = Debug|Any CPU
		{E9684E6D-DE47-479D-8297-29F793C33371}.Debug|Any CPU.Build.0 = Debug|Any CPU
		{E9684E6D-DE47-479D-8297-29F793C33371}.Release|Any CPU.ActiveCfg = Release|Any CPU
		{E9684E6D-DE47-479D-8297-29F793C33371}.Release|Any CPU.Build.0 = Release|Any CPU
		{55562973-96B0-44F1-98A4-74E4AFE9BEB3}.Debug|Any CPU.ActiveCfg = Debug|Any CPU
		{55562973-96B0-44F1-98A4-74E4AFE9BEB3}.Debug|Any CPU.Build.0 = Debug|Any CPU
		{55562973-96B0-44F1-98A4-74E4AFE9BEB3}.Release|Any CPU.ActiveCfg = Release|Any CPU
		{55562973-96B0-44F1-98A4-74E4AFE9BEB3}.Release|Any CPU.Build.0 = Release|Any CPU
		{C0D03EC2-1341-48D2-87B1-E565EA6E88F5}.Debug|Any CPU.ActiveCfg = Debug|Any CPU
		{C0D03EC2-1341-48D2-87B1-E565EA6E88F5}.Debug|Any CPU.Build.0 = Debug|Any CPU
		{C0D03EC2-1341-48D2-87B1-E565EA6E88F5}.Release|Any CPU.ActiveCfg = Release|Any CPU
		{C0D03EC2-1341-48D2-87B1-E565EA6E88F5}.Release|Any CPU.Build.0 = Release|Any CPU
		{F7A94FC6-4891-4B6F-92CF-8CEF4926DFA9}.Debug|Any CPU.ActiveCfg = Debug|Any CPU
		{F7A94FC6-4891-4B6F-92CF-8CEF4926DFA9}.Debug|Any CPU.Build.0 = Debug|Any CPU
		{F7A94FC6-4891-4B6F-92CF-8CEF4926DFA9}.Release|Any CPU.ActiveCfg = Release|Any CPU
		{F7A94FC6-4891-4B6F-92CF-8CEF4926DFA9}.Release|Any CPU.Build.0 = Release|Any CPU
		{EF26ED65-068E-45DF-ACF3-DB7A8BA1D1F1}.Debug|Any CPU.ActiveCfg = Debug|Any CPU
		{EF26ED65-068E-45DF-ACF3-DB7A8BA1D1F1}.Debug|Any CPU.Build.0 = Debug|Any CPU
		{EF26ED65-068E-45DF-ACF3-DB7A8BA1D1F1}.Release|Any CPU.ActiveCfg = Release|Any CPU
		{EF26ED65-068E-45DF-ACF3-DB7A8BA1D1F1}.Release|Any CPU.Build.0 = Release|Any CPU
	EndGlobalSection
	GlobalSection(SolutionProperties) = preSolution
		HideSolutionNode = FALSE
	EndGlobalSection
EndGlobal
